// !$*UTF8*$!
{
	archiveVersion = 1;
	classes = {
	};
	objectVersion = 50;
	objects = {

/* Begin PBXBuildFile section */
		488D8E2F25B43FD700AB19E7 /* MyCollectionViewCell.swift in Sources */ = {isa = PBXBuildFile; fileRef = 488D8E2E25B43FD700AB19E7 /* MyCollectionViewCell.swift */; };
		48C597B425B200720090931B /* AppDelegate.swift in Sources */ = {isa = PBXBuildFile; fileRef = 48C597B325B200720090931B /* AppDelegate.swift */; };
		48C597B625B200720090931B /* SceneDelegate.swift in Sources */ = {isa = PBXBuildFile; fileRef = 48C597B525B200720090931B /* SceneDelegate.swift */; };
		48C597B825B200720090931B /* TrackerDataViewController.swift in Sources */ = {isa = PBXBuildFile; fileRef = 48C597B725B200720090931B /* TrackerDataViewController.swift */; };
		48C597BB25B200720090931B /* Main.storyboard in Resources */ = {isa = PBXBuildFile; fileRef = 48C597B925B200720090931B /* Main.storyboard */; };
		48C597BE25B200720090931B /* Collectmytracker.xcdatamodeld in Sources */ = {isa = PBXBuildFile; fileRef = 48C597BC25B200720090931B /* Collectmytracker.xcdatamodeld */; };
		48C597C025B200720090931B /* Assets.xcassets in Resources */ = {isa = PBXBuildFile; fileRef = 48C597BF25B200720090931B /* Assets.xcassets */; };
		48C597C325B200720090931B /* LaunchScreen.storyboard in Resources */ = {isa = PBXBuildFile; fileRef = 48C597C125B200720090931B /* LaunchScreen.storyboard */; };
		48C597D725B204AA0090931B /* MainTrackerController.swift in Sources */ = {isa = PBXBuildFile; fileRef = 48C597D625B204AA0090931B /* MainTrackerController.swift */; };
/* End PBXBuildFile section */

/* Begin PBXFileReference section */
		488D8E2E25B43FD700AB19E7 /* MyCollectionViewCell.swift */ = {isa = PBXFileReference; lastKnownFileType = sourcecode.swift; path = MyCollectionViewCell.swift; sourceTree = "<group>"; };
		48C597B025B200710090931B /* Collectmytracker.app */ = {isa = PBXFileReference; explicitFileType = wrapper.application; includeInIndex = 0; path = Collectmytracker.app; sourceTree = BUILT_PRODUCTS_DIR; };
		48C597B325B200720090931B /* AppDelegate.swift */ = {isa = PBXFileReference; lastKnownFileType = sourcecode.swift; path = AppDelegate.swift; sourceTree = "<group>"; };
		48C597B525B200720090931B /* SceneDelegate.swift */ = {isa = PBXFileReference; lastKnownFileType = sourcecode.swift; path = SceneDelegate.swift; sourceTree = "<group>"; };
		48C597B725B200720090931B /* TrackerDataViewController.swift */ = {isa = PBXFileReference; lastKnownFileType = sourcecode.swift; path = TrackerDataViewController.swift; sourceTree = "<group>"; };
		48C597BA25B200720090931B /* Base */ = {isa = PBXFileReference; lastKnownFileType = file.storyboard; name = Base; path = Base.lproj/Main.storyboard; sourceTree = "<group>"; };
		48C597BD25B200720090931B /* Collectmytracker.xcdatamodel */ = {isa = PBXFileReference; lastKnownFileType = wrapper.xcdatamodel; path = Collectmytracker.xcdatamodel; sourceTree = "<group>"; };
		48C597BF25B200720090931B /* Assets.xcassets */ = {isa = PBXFileReference; lastKnownFileType = folder.assetcatalog; path = Assets.xcassets; sourceTree = "<group>"; };
		48C597C225B200720090931B /* Base */ = {isa = PBXFileReference; lastKnownFileType = file.storyboard; name = Base; path = Base.lproj/LaunchScreen.storyboard; sourceTree = "<group>"; };
		48C597C425B200720090931B /* Info.plist */ = {isa = PBXFileReference; lastKnownFileType = text.plist.xml; path = Info.plist; sourceTree = "<group>"; };
		48C597D625B204AA0090931B /* MainTrackerController.swift */ = {isa = PBXFileReference; lastKnownFileType = sourcecode.swift; path = MainTrackerController.swift; sourceTree = "<group>"; };
/* End PBXFileReference section */

/* Begin PBXFrameworksBuildPhase section */
		48C597AD25B200710090931B /* Frameworks */ = {
			isa = PBXFrameworksBuildPhase;
			buildActionMask = 2147483647;
			files = (
			);
			runOnlyForDeploymentPostprocessing = 0;
		};
/* End PBXFrameworksBuildPhase section */

/* Begin PBXGroup section */
		48C597A725B200710090931B = {
			isa = PBXGroup;
			children = (
				48C597B225B200710090931B /* Collectmytracker */,
				48C597B125B200710090931B /* Products */,
			);
			sourceTree = "<group>";
		};
		48C597B125B200710090931B /* Products */ = {
			isa = PBXGroup;
			children = (
				48C597B025B200710090931B /* Collectmytracker.app */,
			);
			name = Products;
			sourceTree = "<group>";
		};
		48C597B225B200710090931B /* Collectmytracker */ = {
			isa = PBXGroup;
			children = (
				48C597B325B200720090931B /* AppDelegate.swift */,
				48C597B525B200720090931B /* SceneDelegate.swift */,
				48C597CE25B200CB0090931B /* Model */,
				48C597CC25B200B80090931B /* Controller */,
				48C597CB25B2009D0090931B /* View */,
				48C597D025B201770090931B /* supporting file */,
				48C597C425B200720090931B /* Info.plist */,
			);
			path = Collectmytracker;
			sourceTree = "<group>";
		};
		48C597CB25B2009D0090931B /* View */ = {
			isa = PBXGroup;
			children = (
				48C597B925B200720090931B /* Main.storyboard */,
			);
			path = View;
			sourceTree = "<group>";
		};
		48C597CC25B200B80090931B /* Controller */ = {
			isa = PBXGroup;
			children = (
				48C597B725B200720090931B /* TrackerDataViewController.swift */,
				488D8E2E25B43FD700AB19E7 /* MyCollectionViewCell.swift */,
				48C597D625B204AA0090931B /* MainTrackerController.swift */,
			);
			path = Controller;
			sourceTree = "<group>";
		};
		48C597CE25B200CB0090931B /* Model */ = {
			isa = PBXGroup;
			children = (
				48C597BC25B200720090931B /* Collectmytracker.xcdatamodeld */,
			);
			name = Model;
			path = Controller;
			sourceTree = "<group>";
		};
		48C597D025B201770090931B /* supporting file */ = {
			isa = PBXGroup;
			children = (
				48C597BF25B200720090931B /* Assets.xcassets */,
				48C597C125B200720090931B /* LaunchScreen.storyboard */,
			);
			path = "supporting file";
			sourceTree = "<group>";
		};
/* End PBXGroup section */

/* Begin PBXNativeTarget section */
		48C597AF25B200710090931B /* Collectmytracker */ = {
			isa = PBXNativeTarget;
			buildConfigurationList = 48C597C725B200720090931B /* Build configuration list for PBXNativeTarget "Collectmytracker" */;
			buildPhases = (
				48C597AC25B200710090931B /* Sources */,
				48C597AD25B200710090931B /* Frameworks */,
				48C597AE25B200710090931B /* Resources */,
			);
			buildRules = (
			);
			dependencies = (
			);
			name = Collectmytracker;
			productName = Collectmytracker;
			productReference = 48C597B025B200710090931B /* Collectmytracker.app */;
			productType = "com.apple.product-type.application";
		};
/* End PBXNativeTarget section */

/* Begin PBXProject section */
		48C597A825B200710090931B /* Project object */ = {
			isa = PBXProject;
			attributes = {
				LastSwiftUpdateCheck = 1230;
				LastUpgradeCheck = 1230;
				TargetAttributes = {
					48C597AF25B200710090931B = {
						CreatedOnToolsVersion = 12.3;
					};
				};
			};
			buildConfigurationList = 48C597AB25B200710090931B /* Build configuration list for PBXProject "Collectmytracker" */;
			compatibilityVersion = "Xcode 9.3";
			developmentRegion = en;
			hasScannedForEncodings = 0;
			knownRegions = (
				en,
				Base,
			);
			mainGroup = 48C597A725B200710090931B;
			productRefGroup = 48C597B125B200710090931B /* Products */;
			projectDirPath = "";
			projectRoot = "";
			targets = (
				48C597AF25B200710090931B /* Collectmytracker */,
			);
		};
/* End PBXProject section */

/* Begin PBXResourcesBuildPhase section */
		48C597AE25B200710090931B /* Resources */ = {
			isa = PBXResourcesBuildPhase;
			buildActionMask = 2147483647;
			files = (
				48C597C325B200720090931B /* LaunchScreen.storyboard in Resources */,
				48C597C025B200720090931B /* Assets.xcassets in Resources */,
				48C597BB25B200720090931B /* Main.storyboard in Resources */,
			);
			runOnlyForDeploymentPostprocessing = 0;
		};
/* End PBXResourcesBuildPhase section */

/* Begin PBXSourcesBuildPhase section */
		48C597AC25B200710090931B /* Sources */ = {
			isa = PBXSourcesBuildPhase;
			buildActionMask = 2147483647;
			files = (
				48C597B825B200720090931B /* TrackerDataViewController.swift in Sources */,
				48C597BE25B200720090931B /* Collectmytracker.xcdatamodeld in Sources */,
				488D8E2F25B43FD700AB19E7 /* MyCollectionViewCell.swift in Sources */,
				48C597D725B204AA0090931B /* MainTrackerController.swift in Sources */,
				48C597B425B200720090931B /* AppDelegate.swift in Sources */,
				48C597B625B200720090931B /* SceneDelegate.swift in Sources */,
			);
			runOnlyForDeploymentPostprocessing = 0;
		};
/* End PBXSourcesBuildPhase section */

/* Begin PBXVariantGroup section */
		48C597B925B200720090931B /* Main.storyboard */ = {
			isa = PBXVariantGroup;
			children = (
				48C597BA25B200720090931B /* Base */,
			);
			name = Main.storyboard;
			sourceTree = "<group>";
		};
		48C597C125B200720090931B /* LaunchScreen.storyboard */ = {
			isa = PBXVariantGroup;
			children = (
				48C597C225B200720090931B /* Base */,
			);
			name = LaunchScreen.storyboard;
			sourceTree = "<group>";
		};
/* End PBXVariantGroup section */

/* Begin XCBuildConfiguration section */
		48C597C525B200720090931B /* Debug */ = {
			isa = XCBuildConfiguration;
			buildSettings = {
				ALWAYS_SEARCH_USER_PATHS = NO;
				CLANG_ANALYZER_NONNULL = YES;
				CLANG_ANALYZER_NUMBER_OBJECT_CONVERSION = YES_AGGRESSIVE;
				CLANG_CXX_LANGUAGE_STANDARD = "gnu++14";
				CLANG_CXX_LIBRARY = "libc++";
				CLANG_ENABLE_MODULES = YES;
				CLANG_ENABLE_OBJC_ARC = YES;
				CLANG_ENABLE_OBJC_WEAK = YES;
				CLANG_WARN_BLOCK_CAPTURE_AUTORELEASING = YES;
				CLANG_WARN_BOOL_CONVERSION = YES;
				CLANG_WARN_COMMA = YES;
				CLANG_WARN_CONSTANT_CONVERSION = YES;
				CLANG_WARN_DEPRECATED_OBJC_IMPLEMENTATIONS = YES;
				CLANG_WARN_DIRECT_OBJC_ISA_USAGE = YES_ERROR;
				CLANG_WARN_DOCUMENTATION_COMMENTS = YES;
				CLANG_WARN_EMPTY_BODY = YES;
				CLANG_WARN_ENUM_CONVERSION = YES;
				CLANG_WARN_INFINITE_RECURSION = YES;
				CLANG_WARN_INT_CONVERSION = YES;
				CLANG_WARN_NON_LITERAL_NULL_CONVERSION = YES;
				CLANG_WARN_OBJC_IMPLICIT_RETAIN_SELF = YES;
				CLANG_WARN_OBJC_LITERAL_CONVERSION = YES;
				CLANG_WARN_OBJC_ROOT_CLASS = YES_ERROR;
				CLANG_WARN_QUOTED_INCLUDE_IN_FRAMEWORK_HEADER = YES;
				CLANG_WARN_RANGE_LOOP_ANALYSIS = YES;
				CLANG_WARN_STRICT_PROTOTYPES = YES;
				CLANG_WARN_SUSPICIOUS_MOVE = YES;
				CLANG_WARN_UNGUARDED_AVAILABILITY = YES_AGGRESSIVE;
				CLANG_WARN_UNREACHABLE_CODE = YES;
				CLANG_WARN__DUPLICATE_METHOD_MATCH = YES;
				COPY_PHASE_STRIP = NO;
				DEBUG_INFORMATION_FORMAT = dwarf;
				ENABLE_STRICT_OBJC_MSGSEND = YES;
				ENABLE_TESTABILITY = YES;
				GCC_C_LANGUAGE_STANDARD = gnu11;
				GCC_DYNAMIC_NO_PIC = NO;
				GCC_NO_COMMON_BLOCKS = YES;
				GCC_OPTIMIZATION_LEVEL = 0;
				GCC_PREPROCESSOR_DEFINITIONS = (
					"DEBUG=1",
					"$(inherited)",
				);
				GCC_WARN_64_TO_32_BIT_CONVERSION = YES;
				GCC_WARN_ABOUT_RETURN_TYPE = YES_ERROR;
				GCC_WARN_UNDECLARED_SELECTOR = YES;
				GCC_WARN_UNINITIALIZED_AUTOS = YES_AGGRESSIVE;
				GCC_WARN_UNUSED_FUNCTION = YES;
				GCC_WARN_UNUSED_VARIABLE = YES;
				IPHONEOS_DEPLOYMENT_TARGET = 14.3;
				MTL_ENABLE_DEBUG_INFO = INCLUDE_SOURCE;
				MTL_FAST_MATH = YES;
				ONLY_ACTIVE_ARCH = YES;
				SDKROOT = iphoneos;
				SWIFT_ACTIVE_COMPILATION_CONDITIONS = DEBUG;
				SWIFT_OPTIMIZATION_LEVEL = "-Onone";
			};
			name = Debug;
		};
		48C597C625B200720090931B /* Release */ = {
			isa = XCBuildConfiguration;
			buildSettings = {
				ALWAYS_SEARCH_USER_PATHS = NO;
				CLANG_ANALYZER_NONNULL = YES;
				CLANG_ANALYZER_NUMBER_OBJECT_CONVERSION = YES_AGGRESSIVE;
				CLANG_CXX_LANGUAGE_STANDARD = "gnu++14";
				CLANG_CXX_LIBRARY = "libc++";
				CLANG_ENABLE_MODULES = YES;
				CLANG_ENABLE_OBJC_ARC = YES;
				CLANG_ENABLE_OBJC_WEAK = YES;
				CLANG_WARN_BLOCK_CAPTURE_AUTORELEASING = YES;
				CLANG_WARN_BOOL_CONVERSION = YES;
				CLANG_WARN_COMMA = YES;
				CLANG_WARN_CONSTANT_CONVERSION = YES;
				CLANG_WARN_DEPRECATED_OBJC_IMPLEMENTATIONS = YES;
				CLANG_WARN_DIRECT_OBJC_ISA_USAGE = YES_ERROR;
				CLANG_WARN_DOCUMENTATION_COMMENTS = YES;
				CLANG_WARN_EMPTY_BODY = YES;
				CLANG_WARN_ENUM_CONVERSION = YES;
				CLANG_WARN_INFINITE_RECURSION = YES;
				CLANG_WARN_INT_CONVERSION = YES;
				CLANG_WARN_NON_LITERAL_NULL_CONVERSION = YES;
				CLANG_WARN_OBJC_IMPLICIT_RETAIN_SELF = YES;
				CLANG_WARN_OBJC_LITERAL_CONVERSION = YES;
				CLANG_WARN_OBJC_ROOT_CLASS = YES_ERROR;
				CLANG_WARN_QUOTED_INCLUDE_IN_FRAMEWORK_HEADER = YES;
				CLANG_WARN_RANGE_LOOP_ANALYSIS = YES;
				CLANG_WARN_STRICT_PROTOTYPES = YES;
				CLANG_WARN_SUSPICIOUS_MOVE = YES;
				CLANG_WARN_UNGUARDED_AVAILABILITY = YES_AGGRESSIVE;
				CLANG_WARN_UNREACHABLE_CODE = YES;
				CLANG_WARN__DUPLICATE_METHOD_MATCH = YES;
				COPY_PHASE_STRIP = NO;
				DEBUG_INFORMATION_FORMAT = "dwarf-with-dsym";
				ENABLE_NS_ASSERTIONS = NO;
				ENABLE_STRICT_OBJC_MSGSEND = YES;
				GCC_C_LANGUAGE_STANDARD = gnu11;
				GCC_NO_COMMON_BLOCKS = YES;
				GCC_WARN_64_TO_32_BIT_CONVERSION = YES;
				GCC_WARN_ABOUT_RETURN_TYPE = YES_ERROR;
				GCC_WARN_UNDECLARED_SELECTOR = YES;
				GCC_WARN_UNINITIALIZED_AUTOS = YES_AGGRESSIVE;
				GCC_WARN_UNUSED_FUNCTION = YES;
				GCC_WARN_UNUSED_VARIABLE = YES;
				IPHONEOS_DEPLOYMENT_TARGET = 14.3;
				MTL_ENABLE_DEBUG_INFO = NO;
				MTL_FAST_MATH = YES;
				SDKROOT = iphoneos;
				SWIFT_COMPILATION_MODE = wholemodule;
				SWIFT_OPTIMIZATION_LEVEL = "-O";
				VALIDATE_PRODUCT = YES;
			};
			name = Release;
		};
		48C597C825B200720090931B /* Debug */ = {
			isa = XCBuildConfiguration;
			buildSettings = {
				ASSETCATALOG_COMPILER_APPICON_NAME = AppIcon;
				ASSETCATALOG_COMPILER_GLOBAL_ACCENT_COLOR_NAME = AccentColor;
				CODE_SIGN_STYLE = Automatic;
				DEVELOPMENT_TEAM = DLN427AJ4B;
				INFOPLIST_FILE = Collectmytracker/Info.plist;
				LD_RUNPATH_SEARCH_PATHS = (
					"$(inherited)",
					"@executable_path/Frameworks",
				);
				PRODUCT_BUNDLE_IDENTIFIER = com.mato.Collectmytracker;
				PRODUCT_NAME = "$(TARGET_NAME)";
				SWIFT_VERSION = 5.0;
				TARGETED_DEVICE_FAMILY = "1,2";
			};
			name = Debug;
		};
		48C597C925B200720090931B /* Release */ = {
			isa = XCBuildConfiguration;
			buildSettings = {
				ASSETCATALOG_COMPILER_APPICON_NAME = AppIcon;
				ASSETCATALOG_COMPILER_GLOBAL_ACCENT_COLOR_NAME = AccentColor;
				CODE_SIGN_STYLE = Automatic;
				DEVELOPMENT_TEAM = DLN427AJ4B;
				INFOPLIST_FILE = Collectmytracker/Info.plist;
				LD_RUNPATH_SEARCH_PATHS = (
					"$(inherited)",
					"@executable_path/Frameworks",
				);
				PRODUCT_BUNDLE_IDENTIFIER = com.mato.Collectmytracker;
				PRODUCT_NAME = "$(TARGET_NAME)";
				SWIFT_VERSION = 5.0;
				TARGETED_DEVICE_FAMILY = "1,2";
			};
			name = Release;
		};
/* End XCBuildConfiguration section */

/* Begin XCConfigurationList section */
		48C597AB25B200710090931B /* Build configuration list for PBXProject "Collectmytracker" */ = {
			isa = XCConfigurationList;
			buildConfigurations = (
				48C597C525B200720090931B /* Debug */,
				48C597C625B200720090931B /* Release */,
			);
			defaultConfigurationIsVisible = 0;
			defaultConfigurationName = Release;
		};
		48C597C725B200720090931B /* Build configuration list for PBXNativeTarget "Collectmytracker" */ = {
			isa = XCConfigurationList;
			buildConfigurations = (
				48C597C825B200720090931B /* Debug */,
				48C597C925B200720090931B /* Release */,
			);
			defaultConfigurationIsVisible = 0;
			defaultConfigurationName = Release;
		};
/* End XCConfigurationList section */

/* Begin XCVersionGroup section */
		48C597BC25B200720090931B /* Collectmytracker.xcdatamodeld */ = {
			isa = XCVersionGroup;
			children = (
				48C597BD25B200720090931B /* Collectmytracker.xcdatamodel */,
			);
			currentVersion = 48C597BD25B200720090931B /* Collectmytracker.xcdatamodel */;
			path = Collectmytracker.xcdatamodeld;
			sourceTree = "<group>";
			versionGroupType = wrapper.xcdatamodel;
		};
/* End XCVersionGroup section */
	};
	rootObject = 48C597A825B200710090931B /* Project object */;
}
